# THIS IS AN AUTOGENERATED FILE. DO NOT EDIT THIS FILE DIRECTLY.
# yarn lockfile v1


gally-ts-sdk@Elastic-Suite/gally-ts-sdk#feature-context-storage:
  version "1.0.0"
  resolved "https://codeload.github.com/Elastic-Suite/gally-ts-sdk/tar.gz/660d2ced26c384528d04ee7e4d4d0378d8eeb8e0"
  dependencies:
    prettier "^3.8.1"

prettier@^3.8.1:
  version "3.8.1"
  resolved "https://registry.yarnpkg.com/prettier/-/prettier-3.8.1.tgz#edf48977cf991558f4fcbd8a3ba6015ba2a3a173"
  integrity sha512-UOnG6LftzbdaHZcKoPFtOcCKztrQ57WkHDeRD9t/PTQtmT0NHSeWWepj6pS0z/N7+08BHFDQVUrfmfMRcZwbMg==
